
Microsoft Visual Studio Solution File, Format Version 12.00
# Visual Studio Version 17
VisualStudioVersion = 17.8.34316.72
MinimumVisualStudioVersion = 10.0.40219.1
Project("{FAE04EC0-301F-11D3-BF4B-00C04F79EFBC}") = "StudentWeb", "StudentWeb\StudentWeb.csproj", "{0ADF82C4-5AF3-4BED-9443-A7E1932DF8A6}"
EndProject
Global
	GlobalSection(SolutionConfigurationPlatforms) = preSolution
		Debug|Any CPU = Debug|Any CPU
		Release|Any CPU = Release|Any CPU
	EndGlobalSection
	GlobalSection(ProjectConfigurationPlatforms) = postSolution
		{0ADF82C4-5AF3-4BED-9443-A7E1932DF8A6}.Debug|Any CPU.ActiveCfg = Debug|Any CPU
		{0ADF82C4-5AF3-4BED-9443-A7E1932DF8A6}.Debug|Any CPU.Build.0 = Debug|Any CPU
		{0ADF82C4-5AF3-4BED-9443-A7E1932DF8A6}.Release|Any CPU.ActiveCfg = Release|Any CPU
		{0ADF82C4-5AF3-4BED-9443-A7E1932DF8A6}.Release|Any CPU.Build.0 = Release|Any CPU
	EndGlobalSection
	GlobalSection(SolutionProperties) = preSolution
		HideSolutionNode = FALSE
	EndGlobalSection
	GlobalSection(ExtensibilityGlobals) = postSolution
		SolutionGuid = {C316A7FD-2118-4B10-9C97-E5561EDE6914}
	EndGlobalSection
EndGlobal
