
Microsoft Visual Studio Solution File, Format Version 12.00
# Visual Studio Version 17
VisualStudioVersion = 17.7.34221.43
MinimumVisualStudioVersion = 10.0.40219.1
Project("{FAE04EC0-301F-11D3-BF4B-00C04F79EFBC}") = "ASM6", "ASM6\ASM6.csproj", "{87CFA881-042D-4745-84DA-DE1E4DE41855}"
EndProject
Global
	GlobalSection(SolutionConfigurationPlatforms) = preSolution
		Debug|Any CPU = Debug|Any CPU
		Release|Any CPU = Release|Any CPU
	EndGlobalSection
	GlobalSection(ProjectConfigurationPlatforms) = postSolution
		{87CFA881-042D-4745-84DA-DE1E4DE41855}.Debug|Any CPU.ActiveCfg = Debug|Any CPU
		{87CFA881-042D-4745-84DA-DE1E4DE41855}.Debug|Any CPU.Build.0 = Debug|Any CPU
		{87CFA881-042D-4745-84DA-DE1E4DE41855}.Release|Any CPU.ActiveCfg = Release|Any CPU
		{87CFA881-042D-4745-84DA-DE1E4DE41855}.Release|Any CPU.Build.0 = Release|Any CPU
	EndGlobalSection
	GlobalSection(SolutionProperties) = preSolution
		HideSolutionNode = FALSE
	EndGlobalSection
	GlobalSection(ExtensibilityGlobals) = postSolution
		SolutionGuid = {BE9D97A7-8541-4B3F-B3DF-F6EF088CA467}
	EndGlobalSection
EndGlobal
