
Microsoft Visual Studio Solution File, Format Version 12.00
# Visual Studio Version 17
VisualStudioVersion = 17.7.34202.233
MinimumVisualStudioVersion = 10.0.40219.1
Project("{FAE04EC0-301F-11D3-BF4B-00C04F79EFBC}") = "Validation-Gr1", "Validation-Gr1.csproj", "{D8A349CC-717F-45A5-8487-CEFDD7C55B5C}"
EndProject
Global
	GlobalSection(SolutionConfigurationPlatforms) = preSolution
		Debug|Any CPU = Debug|Any CPU
		Release|Any CPU = Release|Any CPU
	EndGlobalSection
	GlobalSection(ProjectConfigurationPlatforms) = postSolution
		{D8A349CC-717F-45A5-8487-CEFDD7C55B5C}.Debug|Any CPU.ActiveCfg = Debug|Any CPU
		{D8A349CC-717F-45A5-8487-CEFDD7C55B5C}.Debug|Any CPU.Build.0 = Debug|Any CPU
		{D8A349CC-717F-45A5-8487-CEFDD7C55B5C}.Release|Any CPU.ActiveCfg = Release|Any CPU
		{D8A349CC-717F-45A5-8487-CEFDD7C55B5C}.Release|Any CPU.Build.0 = Release|Any CPU
	EndGlobalSection
	GlobalSection(SolutionProperties) = preSolution
		HideSolutionNode = FALSE
	EndGlobalSection
	GlobalSection(ExtensibilityGlobals) = postSolution
		SolutionGuid = {E27E4835-132D-437F-97AC-F5E5C0FBE4F9}
	EndGlobalSection
EndGlobal
